// !$*UTF8*$!
{
	archiveVersion = 1;
	classes = {
	};
	objectVersion = 50;
	objects = {

/* Begin PBXBuildFile section */
		36A78C9C181D9C9E9661C851 /* Pods_FanduelFppg.framework in Frameworks */ = {isa = PBXBuildFile; fileRef = 1B4B77E5CB3D8571A42E782F /* Pods_FanduelFppg.framework */; };
		4177031221C6F46000BDED0C /* HomePresenter.swift in Sources */ = {isa = PBXBuildFile; fileRef = 4177030A21C6F46000BDED0C /* HomePresenter.swift */; };
		4177031321C6F46000BDED0C /* HomeWireframe.swift in Sources */ = {isa = PBXBuildFile; fileRef = 4177030C21C6F46000BDED0C /* HomeWireframe.swift */; };
		4177031421C6F46000BDED0C /* HomeViewController.swift in Sources */ = {isa = PBXBuildFile; fileRef = 4177030E21C6F46000BDED0C /* HomeViewController.swift */; };
		4177031521C6F46000BDED0C /* HomeModule.swift in Sources */ = {isa = PBXBuildFile; fileRef = 4177030F21C6F46000BDED0C /* HomeModule.swift */; };
		4177031621C6F46000BDED0C /* HomeInteractor.swift in Sources */ = {isa = PBXBuildFile; fileRef = 4177031121C6F46000BDED0C /* HomeInteractor.swift */; };
		4177034021C6F70500BDED0C /* Player.swift in Sources */ = {isa = PBXBuildFile; fileRef = 4177033F21C6F70500BDED0C /* Player.swift */; };
		4177034321C6F71A00BDED0C /* BaseWebService.swift in Sources */ = {isa = PBXBuildFile; fileRef = 4177034221C6F71A00BDED0C /* BaseWebService.swift */; };
		4177034521C6F77300BDED0C /* PlayersWebService.swift in Sources */ = {isa = PBXBuildFile; fileRef = 4177034421C6F77300BDED0C /* PlayersWebService.swift */; };
		4177034721C6F8B900BDED0C /* PlayerGame.swift in Sources */ = {isa = PBXBuildFile; fileRef = 4177034621C6F8B900BDED0C /* PlayerGame.swift */; };
		4177034921C6F9C600BDED0C /* ErrorView.swift in Sources */ = {isa = PBXBuildFile; fileRef = 4177034821C6F9C600BDED0C /* ErrorView.swift */; };
		4177034B21C6F9F900BDED0C /* LoadingView.swift in Sources */ = {isa = PBXBuildFile; fileRef = 4177034A21C6F9F900BDED0C /* LoadingView.swift */; };
		4177034E21C6FA1A00BDED0C /* StyleGuide.swift in Sources */ = {isa = PBXBuildFile; fileRef = 4177034D21C6FA1A00BDED0C /* StyleGuide.swift */; };
		4177035021C6FC1000BDED0C /* PlayerViewControl.swift in Sources */ = {isa = PBXBuildFile; fileRef = 4177034F21C6FC1000BDED0C /* PlayerViewControl.swift */; };
		41B1F93621C6F163008ECEF1 /* AppDelegate.swift in Sources */ = {isa = PBXBuildFile; fileRef = 41B1F93521C6F163008ECEF1 /* AppDelegate.swift */; };
		41B1F93D21C6F164008ECEF1 /* Assets.xcassets in Resources */ = {isa = PBXBuildFile; fileRef = 41B1F93C21C6F164008ECEF1 /* Assets.xcassets */; };
		41B1F94021C6F164008ECEF1 /* LaunchScreen.storyboard in Resources */ = {isa = PBXBuildFile; fileRef = 41B1F93E21C6F164008ECEF1 /* LaunchScreen.storyboard */; };
		41B1F94B21C6F164008ECEF1 /* FanduelFppgTests.swift in Sources */ = {isa = PBXBuildFile; fileRef = 41B1F94A21C6F164008ECEF1 /* FanduelFppgTests.swift */; };
		F5B16BF8E8C7E9296310C416 /* Pods_FanduelFppgTests.framework in Frameworks */ = {isa = PBXBuildFile; fileRef = 297D94E04B923628203AFDC6 /* Pods_FanduelFppgTests.framework */; };
/* End PBXBuildFile section */

/* Begin PBXContainerItemProxy section */
		41B1F94721C6F164008ECEF1 /* PBXContainerItemProxy */ = {
			isa = PBXContainerItemProxy;
			containerPortal = 41B1F92A21C6F163008ECEF1 /* Project object */;
			proxyType = 1;
			remoteGlobalIDString = 41B1F93121C6F163008ECEF1;
			remoteInfo = FanduelFppg;
		};
/* End PBXContainerItemProxy section */

/* Begin PBXFileReference section */
		1B4B77E5CB3D8571A42E782F /* Pods_FanduelFppg.framework */ = {isa = PBXFileReference; explicitFileType = wrapper.framework; includeInIndex = 0; path = Pods_FanduelFppg.framework; sourceTree = BUILT_PRODUCTS_DIR; };
		297D94E04B923628203AFDC6 /* Pods_FanduelFppgTests.framework */ = {isa = PBXFileReference; explicitFileType = wrapper.framework; includeInIndex = 0; path = Pods_FanduelFppgTests.framework; sourceTree = BUILT_PRODUCTS_DIR; };
		4177030A21C6F46000BDED0C /* HomePresenter.swift */ = {isa = PBXFileReference; fileEncoding = 4; lastKnownFileType = sourcecode.swift; path = HomePresenter.swift; sourceTree = "<group>"; };
		4177030C21C6F46000BDED0C /* HomeWireframe.swift */ = {isa = PBXFileReference; fileEncoding = 4; lastKnownFileType = sourcecode.swift; path = HomeWireframe.swift; sourceTree = "<group>"; };
		4177030E21C6F46000BDED0C /* HomeViewController.swift */ = {isa = PBXFileReference; fileEncoding = 4; lastKnownFileType = sourcecode.swift; path = HomeViewController.swift; sourceTree = "<group>"; };
		4177030F21C6F46000BDED0C /* HomeModule.swift */ = {isa = PBXFileReference; fileEncoding = 4; lastKnownFileType = sourcecode.swift; path = HomeModule.swift; sourceTree = "<group>"; };
		4177031121C6F46000BDED0C /* HomeInteractor.swift */ = {isa = PBXFileReference; fileEncoding = 4; lastKnownFileType = sourcecode.swift; path = HomeInteractor.swift; sourceTree = "<group>"; };
		4177033F21C6F70500BDED0C /* Player.swift */ = {isa = PBXFileReference; lastKnownFileType = sourcecode.swift; path = Player.swift; sourceTree = "<group>"; };
		4177034221C6F71A00BDED0C /* BaseWebService.swift */ = {isa = PBXFileReference; lastKnownFileType = sourcecode.swift; path = BaseWebService.swift; sourceTree = "<group>"; };
		4177034421C6F77300BDED0C /* PlayersWebService.swift */ = {isa = PBXFileReference; lastKnownFileType = sourcecode.swift; path = PlayersWebService.swift; sourceTree = "<group>"; };
		4177034621C6F8B900BDED0C /* PlayerGame.swift */ = {isa = PBXFileReference; lastKnownFileType = sourcecode.swift; path = PlayerGame.swift; sourceTree = "<group>"; };
		4177034821C6F9C600BDED0C /* ErrorView.swift */ = {isa = PBXFileReference; lastKnownFileType = sourcecode.swift; path = ErrorView.swift; sourceTree = "<group>"; };
		4177034A21C6F9F900BDED0C /* LoadingView.swift */ = {isa = PBXFileReference; lastKnownFileType = sourcecode.swift; path = LoadingView.swift; sourceTree = "<group>"; };
		4177034D21C6FA1A00BDED0C /* StyleGuide.swift */ = {isa = PBXFileReference; lastKnownFileType = sourcecode.swift; path = StyleGuide.swift; sourceTree = "<group>"; };
		4177034F21C6FC1000BDED0C /* PlayerViewControl.swift */ = {isa = PBXFileReference; lastKnownFileType = sourcecode.swift; path = PlayerViewControl.swift; sourceTree = "<group>"; };
		41B1F93221C6F163008ECEF1 /* FanduelFppg.app */ = {isa = PBXFileReference; explicitFileType = wrapper.application; includeInIndex = 0; path = FanduelFppg.app; sourceTree = BUILT_PRODUCTS_DIR; };
		41B1F93521C6F163008ECEF1 /* AppDelegate.swift */ = {isa = PBXFileReference; lastKnownFileType = sourcecode.swift; path = AppDelegate.swift; sourceTree = "<group>"; };
		41B1F93C21C6F164008ECEF1 /* Assets.xcassets */ = {isa = PBXFileReference; lastKnownFileType = folder.assetcatalog; path = Assets.xcassets; sourceTree = "<group>"; };
		41B1F93F21C6F164008ECEF1 /* Base */ = {isa = PBXFileReference; lastKnownFileType = file.storyboard; name = Base; path = Base.lproj/LaunchScreen.storyboard; sourceTree = "<group>"; };
		41B1F94121C6F164008ECEF1 /* Info.plist */ = {isa = PBXFileReference; lastKnownFileType = text.plist.xml; path = Info.plist; sourceTree = "<group>"; };
		41B1F94621C6F164008ECEF1 /* FanduelFppgTests.xctest */ = {isa = PBXFileReference; explicitFileType = wrapper.cfbundle; includeInIndex = 0; path = FanduelFppgTests.xctest; sourceTree = BUILT_PRODUCTS_DIR; };
		41B1F94A21C6F164008ECEF1 /* FanduelFppgTests.swift */ = {isa = PBXFileReference; lastKnownFileType = sourcecode.swift; path = FanduelFppgTests.swift; sourceTree = "<group>"; };
		41B1F94C21C6F164008ECEF1 /* Info.plist */ = {isa = PBXFileReference; lastKnownFileType = text.plist.xml; path = Info.plist; sourceTree = "<group>"; };
		754B5DFC1689BADA91047CF5 /* Pods-FanduelFppgTests.release.xcconfig */ = {isa = PBXFileReference; includeInIndex = 1; lastKnownFileType = text.xcconfig; name = "Pods-FanduelFppgTests.release.xcconfig"; path = "Pods/Target Support Files/Pods-FanduelFppgTests/Pods-FanduelFppgTests.release.xcconfig"; sourceTree = "<group>"; };
		9425003F31C9CDEC1641C3F7 /* Pods-FanduelFppg.debug.xcconfig */ = {isa = PBXFileReference; includeInIndex = 1; lastKnownFileType = text.xcconfig; name = "Pods-FanduelFppg.debug.xcconfig"; path = "Pods/Target Support Files/Pods-FanduelFppg/Pods-FanduelFppg.debug.xcconfig"; sourceTree = "<group>"; };
		9509E6E0864955FD2484B9B2 /* Pods-FanduelFppgTests.debug.xcconfig */ = {isa = PBXFileReference; includeInIndex = 1; lastKnownFileType = text.xcconfig; name = "Pods-FanduelFppgTests.debug.xcconfig"; path = "Pods/Target Support Files/Pods-FanduelFppgTests/Pods-FanduelFppgTests.debug.xcconfig"; sourceTree = "<group>"; };
		BBA0F514EE82615D21BFDC55 /* Pods-FanduelFppg.release.xcconfig */ = {isa = PBXFileReference; includeInIndex = 1; lastKnownFileType = text.xcconfig; name = "Pods-FanduelFppg.release.xcconfig"; path = "Pods/Target Support Files/Pods-FanduelFppg/Pods-FanduelFppg.release.xcconfig"; sourceTree = "<group>"; };
/* End PBXFileReference section */

/* Begin PBXFrameworksBuildPhase section */
		41B1F92F21C6F163008ECEF1 /* Frameworks */ = {
			isa = PBXFrameworksBuildPhase;
			buildActionMask = 2147483647;
			files = (
				36A78C9C181D9C9E9661C851 /* Pods_FanduelFppg.framework in Frameworks */,
			);
			runOnlyForDeploymentPostprocessing = 0;
		};
		41B1F94321C6F164008ECEF1 /* Frameworks */ = {
			isa = PBXFrameworksBuildPhase;
			buildActionMask = 2147483647;
			files = (
				F5B16BF8E8C7E9296310C416 /* Pods_FanduelFppgTests.framework in Frameworks */,
			);
			runOnlyForDeploymentPostprocessing = 0;
		};
/* End PBXFrameworksBuildPhase section */

/* Begin PBXGroup section */
		2845F1EABE99B5D43C8689A4 /* Pods */ = {
			isa = PBXGroup;
			children = (
				9425003F31C9CDEC1641C3F7 /* Pods-FanduelFppg.debug.xcconfig */,
				BBA0F514EE82615D21BFDC55 /* Pods-FanduelFppg.release.xcconfig */,
				9509E6E0864955FD2484B9B2 /* Pods-FanduelFppgTests.debug.xcconfig */,
				754B5DFC1689BADA91047CF5 /* Pods-FanduelFppgTests.release.xcconfig */,
			);
			name = Pods;
			sourceTree = "<group>";
		};
		2EA654DF10B5BF8DE921EE6C /* Frameworks */ = {
			isa = PBXGroup;
			children = (
				1B4B77E5CB3D8571A42E782F /* Pods_FanduelFppg.framework */,
				297D94E04B923628203AFDC6 /* Pods_FanduelFppgTests.framework */,
			);
			name = Frameworks;
			sourceTree = "<group>";
		};
		4177030721C6F46000BDED0C /* Modules */ = {
			isa = PBXGroup;
			children = (
				4177030821C6F46000BDED0C /* Home */,
			);
			path = Modules;
			sourceTree = "<group>";
		};
		4177030821C6F46000BDED0C /* Home */ = {
			isa = PBXGroup;
			children = (
				4177030921C6F46000BDED0C /* Presenter */,
				4177030B21C6F46000BDED0C /* Wireframe */,
				4177030D21C6F46000BDED0C /* View */,
				4177030F21C6F46000BDED0C /* HomeModule.swift */,
				4177031021C6F46000BDED0C /* Interactor */,
			);
			path = Home;
			sourceTree = "<group>";
		};
		4177030921C6F46000BDED0C /* Presenter */ = {
			isa = PBXGroup;
			children = (
				4177030A21C6F46000BDED0C /* HomePresenter.swift */,
			);
			path = Presenter;
			sourceTree = "<group>";
		};
		4177030B21C6F46000BDED0C /* Wireframe */ = {
			isa = PBXGroup;
			children = (
				4177030C21C6F46000BDED0C /* HomeWireframe.swift */,
			);
			path = Wireframe;
			sourceTree = "<group>";
		};
		4177030D21C6F46000BDED0C /* View */ = {
			isa = PBXGroup;
			children = (
				4177030E21C6F46000BDED0C /* HomeViewController.swift */,
				4177034821C6F9C600BDED0C /* ErrorView.swift */,
				4177034A21C6F9F900BDED0C /* LoadingView.swift */,
				4177034F21C6FC1000BDED0C /* PlayerViewControl.swift */,
			);
			path = View;
			sourceTree = "<group>";
		};
		4177031021C6F46000BDED0C /* Interactor */ = {
			isa = PBXGroup;
			children = (
				4177031121C6F46000BDED0C /* HomeInteractor.swift */,
			);
			path = Interactor;
			sourceTree = "<group>";
		};
		4177033D21C6F6E700BDED0C /* Common */ = {
			isa = PBXGroup;
			children = (
				4177034C21C6FA0D00BDED0C /* Utils */,
				4177034121C6F70D00BDED0C /* WebService */,
				4177033E21C6F6EF00BDED0C /* Model */,
				4177034621C6F8B900BDED0C /* PlayerGame.swift */,
			);
			path = Common;
			sourceTree = "<group>";
		};
		4177033E21C6F6EF00BDED0C /* Model */ = {
			isa = PBXGroup;
			children = (
				4177033F21C6F70500BDED0C /* Player.swift */,
			);
			path = Model;
			sourceTree = "<group>";
		};
		4177034121C6F70D00BDED0C /* WebService */ = {
			isa = PBXGroup;
			children = (
				4177034221C6F71A00BDED0C /* BaseWebService.swift */,
				4177034421C6F77300BDED0C /* PlayersWebService.swift */,
			);
			path = WebService;
			sourceTree = "<group>";
		};
		4177034C21C6FA0D00BDED0C /* Utils */ = {
			isa = PBXGroup;
			children = (
				4177034D21C6FA1A00BDED0C /* StyleGuide.swift */,
			);
			path = Utils;
			sourceTree = "<group>";
		};
		41B1F92921C6F163008ECEF1 = {
			isa = PBXGroup;
			children = (
				41B1F93421C6F163008ECEF1 /* FanduelFppg */,
				41B1F94921C6F164008ECEF1 /* FanduelFppgTests */,
				41B1F93321C6F163008ECEF1 /* Products */,
				2845F1EABE99B5D43C8689A4 /* Pods */,
				2EA654DF10B5BF8DE921EE6C /* Frameworks */,
			);
			sourceTree = "<group>";
		};
		41B1F93321C6F163008ECEF1 /* Products */ = {
			isa = PBXGroup;
			children = (
				41B1F93221C6F163008ECEF1 /* FanduelFppg.app */,
				41B1F94621C6F164008ECEF1 /* FanduelFppgTests.xctest */,
			);
			name = Products;
			sourceTree = "<group>";
		};
		41B1F93421C6F163008ECEF1 /* FanduelFppg */ = {
			isa = PBXGroup;
			children = (
				4177033D21C6F6E700BDED0C /* Common */,
				4177030721C6F46000BDED0C /* Modules */,
				41B1F93521C6F163008ECEF1 /* AppDelegate.swift */,
				41B1F93C21C6F164008ECEF1 /* Assets.xcassets */,
				41B1F93E21C6F164008ECEF1 /* LaunchScreen.storyboard */,
				41B1F94121C6F164008ECEF1 /* Info.plist */,
			);
			path = FanduelFppg;
			sourceTree = "<group>";
		};
		41B1F94921C6F164008ECEF1 /* FanduelFppgTests */ = {
			isa = PBXGroup;
			children = (
				41B1F94A21C6F164008ECEF1 /* FanduelFppgTests.swift */,
				41B1F94C21C6F164008ECEF1 /* Info.plist */,
			);
			path = FanduelFppgTests;
			sourceTree = "<group>";
		};
/* End PBXGroup section */

/* Begin PBXNativeTarget section */
		41B1F93121C6F163008ECEF1 /* FanduelFppg */ = {
			isa = PBXNativeTarget;
			buildConfigurationList = 41B1F94F21C6F164008ECEF1 /* Build configuration list for PBXNativeTarget "FanduelFppg" */;
			buildPhases = (
				63C8036B8E73139059930DB4 /* [CP] Check Pods Manifest.lock */,
				41B1F92E21C6F163008ECEF1 /* Sources */,
				41B1F92F21C6F163008ECEF1 /* Frameworks */,
				41B1F93021C6F163008ECEF1 /* Resources */,
				D56D175D9E5AD63BC74B247B /* [CP] Embed Pods Frameworks */,
			);
			buildRules = (
			);
			dependencies = (
			);
			name = FanduelFppg;
			productName = FanduelFppg;
			productReference = 41B1F93221C6F163008ECEF1 /* FanduelFppg.app */;
			productType = "com.apple.product-type.application";
		};
		41B1F94521C6F164008ECEF1 /* FanduelFppgTests */ = {
			isa = PBXNativeTarget;
			buildConfigurationList = 41B1F95221C6F164008ECEF1 /* Build configuration list for PBXNativeTarget "FanduelFppgTests" */;
			buildPhases = (
				668F74D5CF5AD3016F5104DD /* [CP] Check Pods Manifest.lock */,
				41B1F94221C6F164008ECEF1 /* Sources */,
				41B1F94321C6F164008ECEF1 /* Frameworks */,
				41B1F94421C6F164008ECEF1 /* Resources */,
				03365157A44029E8E71CA95A /* [CP] Embed Pods Frameworks */,
			);
			buildRules = (
			);
			dependencies = (
				41B1F94821C6F164008ECEF1 /* PBXTargetDependency */,
			);
			name = FanduelFppgTests;
			productName = FanduelFppgTests;
			productReference = 41B1F94621C6F164008ECEF1 /* FanduelFppgTests.xctest */;
			productType = "com.apple.product-type.bundle.unit-test";
		};
/* End PBXNativeTarget section */

/* Begin PBXProject section */
		41B1F92A21C6F163008ECEF1 /* Project object */ = {
			isa = PBXProject;
			attributes = {
				LastSwiftUpdateCheck = 1010;
				LastUpgradeCheck = 1010;
				ORGANIZATIONNAME = "Ali Hassan";
				TargetAttributes = {
					41B1F93121C6F163008ECEF1 = {
						CreatedOnToolsVersion = 10.1;
					};
					41B1F94521C6F164008ECEF1 = {
						CreatedOnToolsVersion = 10.1;
						TestTargetID = 41B1F93121C6F163008ECEF1;
					};
				};
			};
			buildConfigurationList = 41B1F92D21C6F163008ECEF1 /* Build configuration list for PBXProject "FanduelFppg" */;
			compatibilityVersion = "Xcode 9.3";
			developmentRegion = en;
			hasScannedForEncodings = 0;
			knownRegions = (
				en,
				Base,
			);
			mainGroup = 41B1F92921C6F163008ECEF1;
			productRefGroup = 41B1F93321C6F163008ECEF1 /* Products */;
			projectDirPath = "";
			projectRoot = "";
			targets = (
				41B1F93121C6F163008ECEF1 /* FanduelFppg */,
				41B1F94521C6F164008ECEF1 /* FanduelFppgTests */,
			);
		};
/* End PBXProject section */

/* Begin PBXResourcesBuildPhase section */
		41B1F93021C6F163008ECEF1 /* Resources */ = {
			isa = PBXResourcesBuildPhase;
			buildActionMask = 2147483647;
			files = (
				41B1F94021C6F164008ECEF1 /* LaunchScreen.storyboard in Resources */,
				41B1F93D21C6F164008ECEF1 /* Assets.xcassets in Resources */,
			);
			runOnlyForDeploymentPostprocessing = 0;
		};
		41B1F94421C6F164008ECEF1 /* Resources */ = {
			isa = PBXResourcesBuildPhase;
			buildActionMask = 2147483647;
			files = (
			);
			runOnlyForDeploymentPostprocessing = 0;
		};
/* End PBXResourcesBuildPhase section */

/* Begin PBXShellScriptBuildPhase section */
		03365157A44029E8E71CA95A /* [CP] Embed Pods Frameworks */ = {
			isa = PBXShellScriptBuildPhase;
			buildActionMask = 2147483647;
			files = (
			);
			inputFileListPaths = (
			);
			inputPaths = (
				"${SRCROOT}/Pods/Target Support Files/Pods-FanduelFppgTests/Pods-FanduelFppgTests-frameworks.sh",
				"${BUILT_PRODUCTS_DIR}/Nimble/Nimble.framework",
				"${BUILT_PRODUCTS_DIR}/Quick/Quick.framework",
			);
			name = "[CP] Embed Pods Frameworks";
			outputFileListPaths = (
			);
			outputPaths = (
				"${TARGET_BUILD_DIR}/${FRAMEWORKS_FOLDER_PATH}/Nimble.framework",
				"${TARGET_BUILD_DIR}/${FRAMEWORKS_FOLDER_PATH}/Quick.framework",
			);
			runOnlyForDeploymentPostprocessing = 0;
			shellPath = /bin/sh;
			shellScript = "\"${SRCROOT}/Pods/Target Support Files/Pods-FanduelFppgTests/Pods-FanduelFppgTests-frameworks.sh\"\n";
			showEnvVarsInLog = 0;
		};
		63C8036B8E73139059930DB4 /* [CP] Check Pods Manifest.lock */ = {
			isa = PBXShellScriptBuildPhase;
			buildActionMask = 2147483647;
			files = (
			);
			inputFileListPaths = (
			);
			inputPaths = (
				"${PODS_PODFILE_DIR_PATH}/Podfile.lock",
				"${PODS_ROOT}/Manifest.lock",
			);
			name = "[CP] Check Pods Manifest.lock";
			outputFileListPaths = (
			);
			outputPaths = (
				"$(DERIVED_FILE_DIR)/Pods-FanduelFppg-checkManifestLockResult.txt",
			);
			runOnlyForDeploymentPostprocessing = 0;
			shellPath = /bin/sh;
			shellScript = "diff \"${PODS_PODFILE_DIR_PATH}/Podfile.lock\" \"${PODS_ROOT}/Manifest.lock\" > /dev/null\nif [ $? != 0 ] ; then\n    # print error to STDERR\n    echo \"error: The sandbox is not in sync with the Podfile.lock. Run 'pod install' or update your CocoaPods installation.\" >&2\n    exit 1\nfi\n# This output is used by Xcode 'outputs' to avoid re-running this script phase.\necho \"SUCCESS\" > \"${SCRIPT_OUTPUT_FILE_0}\"\n";
			showEnvVarsInLog = 0;
		};
		668F74D5CF5AD3016F5104DD /* [CP] Check Pods Manifest.lock */ = {
			isa = PBXShellScriptBuildPhase;
			buildActionMask = 2147483647;
			files = (
			);
			inputFileListPaths = (
			);
			inputPaths = (
				"${PODS_PODFILE_DIR_PATH}/Podfile.lock",
				"${PODS_ROOT}/Manifest.lock",
			);
			name = "[CP] Check Pods Manifest.lock";
			outputFileListPaths = (
			);
			outputPaths = (
				"$(DERIVED_FILE_DIR)/Pods-FanduelFppgTests-checkManifestLockResult.txt",
			);
			runOnlyForDeploymentPostprocessing = 0;
			shellPath = /bin/sh;
			shellScript = "diff \"${PODS_PODFILE_DIR_PATH}/Podfile.lock\" \"${PODS_ROOT}/Manifest.lock\" > /dev/null\nif [ $? != 0 ] ; then\n    # print error to STDERR\n    echo \"error: The sandbox is not in sync with the Podfile.lock. Run 'pod install' or update your CocoaPods installation.\" >&2\n    exit 1\nfi\n# This output is used by Xcode 'outputs' to avoid re-running this script phase.\necho \"SUCCESS\" > \"${SCRIPT_OUTPUT_FILE_0}\"\n";
			showEnvVarsInLog = 0;
		};
		D56D175D9E5AD63BC74B247B /* [CP] Embed Pods Frameworks */ = {
			isa = PBXShellScriptBuildPhase;
			buildActionMask = 2147483647;
			files = (
			);
			inputFileListPaths = (
			);
			inputPaths = (
				"${SRCROOT}/Pods/Target Support Files/Pods-FanduelFppg/Pods-FanduelFppg-frameworks.sh",
				"${BUILT_PRODUCTS_DIR}/Alamofire/Alamofire.framework",
				"${BUILT_PRODUCTS_DIR}/CodableAlamofire/CodableAlamofire.framework",
				"${BUILT_PRODUCTS_DIR}/Nuke/Nuke.framework",
				"${BUILT_PRODUCTS_DIR}/TinyConstraints/TinyConstraints.framework",
			);
			name = "[CP] Embed Pods Frameworks";
			outputFileListPaths = (
			);
			outputPaths = (
				"${TARGET_BUILD_DIR}/${FRAMEWORKS_FOLDER_PATH}/Alamofire.framework",
				"${TARGET_BUILD_DIR}/${FRAMEWORKS_FOLDER_PATH}/CodableAlamofire.framework",
				"${TARGET_BUILD_DIR}/${FRAMEWORKS_FOLDER_PATH}/Nuke.framework",
				"${TARGET_BUILD_DIR}/${FRAMEWORKS_FOLDER_PATH}/TinyConstraints.framework",
			);
			runOnlyForDeploymentPostprocessing = 0;
			shellPath = /bin/sh;
			shellScript = "\"${SRCROOT}/Pods/Target Support Files/Pods-FanduelFppg/Pods-FanduelFppg-frameworks.sh\"\n";
			showEnvVarsInLog = 0;
		};
/* End PBXShellScriptBuildPhase section */

/* Begin PBXSourcesBuildPhase section */
		41B1F92E21C6F163008ECEF1 /* Sources */ = {
			isa = PBXSourcesBuildPhase;
			buildActionMask = 2147483647;
			files = (
				41B1F93621C6F163008ECEF1 /* AppDelegate.swift in Sources */,
				4177034321C6F71A00BDED0C /* BaseWebService.swift in Sources */,
				4177031221C6F46000BDED0C /* HomePresenter.swift in Sources */,
				4177031521C6F46000BDED0C /* HomeModule.swift in Sources */,
				4177031621C6F46000BDED0C /* HomeInteractor.swift in Sources */,
				4177034B21C6F9F900BDED0C /* LoadingView.swift in Sources */,
				4177034521C6F77300BDED0C /* PlayersWebService.swift in Sources */,
				4177034021C6F70500BDED0C /* Player.swift in Sources */,
				4177031321C6F46000BDED0C /* HomeWireframe.swift in Sources */,
				4177034721C6F8B900BDED0C /* PlayerGame.swift in Sources */,
				4177031421C6F46000BDED0C /* HomeViewController.swift in Sources */,
				4177034921C6F9C600BDED0C /* ErrorView.swift in Sources */,
				4177034E21C6FA1A00BDED0C /* StyleGuide.swift in Sources */,
				4177035021C6FC1000BDED0C /* PlayerViewControl.swift in Sources */,
			);
			runOnlyForDeploymentPostprocessing = 0;
		};
		41B1F94221C6F164008ECEF1 /* Sources */ = {
			isa = PBXSourcesBuildPhase;
			buildActionMask = 2147483647;
			files = (
				41B1F94B21C6F164008ECEF1 /* FanduelFppgTests.swift in Sources */,
			);
			runOnlyForDeploymentPostprocessing = 0;
		};
/* End PBXSourcesBuildPhase section */

/* Begin PBXTargetDependency section */
		41B1F94821C6F164008ECEF1 /* PBXTargetDependency */ = {
			isa = PBXTargetDependency;
			target = 41B1F93121C6F163008ECEF1 /* FanduelFppg */;
			targetProxy = 41B1F94721C6F164008ECEF1 /* PBXContainerItemProxy */;
		};
/* End PBXTargetDependency section */

/* Begin PBXVariantGroup section */
		41B1F93E21C6F164008ECEF1 /* LaunchScreen.storyboard */ = {
			isa = PBXVariantGroup;
			children = (
				41B1F93F21C6F164008ECEF1 /* Base */,
			);
			name = LaunchScreen.storyboard;
			sourceTree = "<group>";
		};
/* End PBXVariantGroup section */

/* Begin XCBuildConfiguration section */
		41B1F94D21C6F164008ECEF1 /* Debug */ = {
			isa = XCBuildConfiguration;
			buildSettings = {
				ALWAYS_SEARCH_USER_PATHS = NO;
				CLANG_ANALYZER_NONNULL = YES;
				CLANG_ANALYZER_NUMBER_OBJECT_CONVERSION = YES_AGGRESSIVE;
				CLANG_CXX_LANGUAGE_STANDARD = "gnu++14";
				CLANG_CXX_LIBRARY = "libc++";
				CLANG_ENABLE_MODULES = YES;
				CLANG_ENABLE_OBJC_ARC = YES;
				CLANG_ENABLE_OBJC_WEAK = YES;
				CLANG_WARN_BLOCK_CAPTURE_AUTORELEASING = YES;
				CLANG_WARN_BOOL_CONVERSION = YES;
				CLANG_WARN_COMMA = YES;
				CLANG_WARN_CONSTANT_CONVERSION = YES;
				CLANG_WARN_DEPRECATED_OBJC_IMPLEMENTATIONS = YES;
				CLANG_WARN_DIRECT_OBJC_ISA_USAGE = YES_ERROR;
				CLANG_WARN_DOCUMENTATION_COMMENTS = YES;
				CLANG_WARN_EMPTY_BODY = YES;
				CLANG_WARN_ENUM_CONVERSION = YES;
				CLANG_WARN_INFINITE_RECURSION = YES;
				CLANG_WARN_INT_CONVERSION = YES;
				CLANG_WARN_NON_LITERAL_NULL_CONVERSION = YES;
				CLANG_WARN_OBJC_IMPLICIT_RETAIN_SELF = YES;
				CLANG_WARN_OBJC_LITERAL_CONVERSION = YES;
				CLANG_WARN_OBJC_ROOT_CLASS = YES_ERROR;
				CLANG_WARN_RANGE_LOOP_ANALYSIS = YES;
				CLANG_WARN_STRICT_PROTOTYPES = YES;
				CLANG_WARN_SUSPICIOUS_MOVE = YES;
				CLANG_WARN_UNGUARDED_AVAILABILITY = YES_AGGRESSIVE;
				CLANG_WARN_UNREACHABLE_CODE = YES;
				CLANG_WARN__DUPLICATE_METHOD_MATCH = YES;
				CODE_SIGN_IDENTITY = "iPhone Developer";
				COPY_PHASE_STRIP = NO;
				DEBUG_INFORMATION_FORMAT = dwarf;
				ENABLE_STRICT_OBJC_MSGSEND = YES;
				ENABLE_TESTABILITY = YES;
				GCC_C_LANGUAGE_STANDARD = gnu11;
				GCC_DYNAMIC_NO_PIC = NO;
				GCC_NO_COMMON_BLOCKS = YES;
				GCC_OPTIMIZATION_LEVEL = 0;
				GCC_PREPROCESSOR_DEFINITIONS = (
					"DEBUG=1",
					"$(inherited)",
				);
				GCC_WARN_64_TO_32_BIT_CONVERSION = YES;
				GCC_WARN_ABOUT_RETURN_TYPE = YES_ERROR;
				GCC_WARN_UNDECLARED_SELECTOR = YES;
				GCC_WARN_UNINITIALIZED_AUTOS = YES_AGGRESSIVE;
				GCC_WARN_UNUSED_FUNCTION = YES;
				GCC_WARN_UNUSED_VARIABLE = YES;
				IPHONEOS_DEPLOYMENT_TARGET = 12.1;
				MTL_ENABLE_DEBUG_INFO = INCLUDE_SOURCE;
				MTL_FAST_MATH = YES;
				ONLY_ACTIVE_ARCH = YES;
				SDKROOT = iphoneos;
				SWIFT_ACTIVE_COMPILATION_CONDITIONS = DEBUG;
				SWIFT_OPTIMIZATION_LEVEL = "-Onone";
			};
			name = Debug;
		};
		41B1F94E21C6F164008ECEF1 /* Release */ = {
			isa = XCBuildConfiguration;
			buildSettings = {
				ALWAYS_SEARCH_USER_PATHS = NO;
				CLANG_ANALYZER_NONNULL = YES;
				CLANG_ANALYZER_NUMBER_OBJECT_CONVERSION = YES_AGGRESSIVE;
				CLANG_CXX_LANGUAGE_STANDARD = "gnu++14";
				CLANG_CXX_LIBRARY = "libc++";
				CLANG_ENABLE_MODULES = YES;
				CLANG_ENABLE_OBJC_ARC = YES;
				CLANG_ENABLE_OBJC_WEAK = YES;
				CLANG_WARN_BLOCK_CAPTURE_AUTORELEASING = YES;
				CLANG_WARN_BOOL_CONVERSION = YES;
				CLANG_WARN_COMMA = YES;
				CLANG_WARN_CONSTANT_CONVERSION = YES;
				CLANG_WARN_DEPRECATED_OBJC_IMPLEMENTATIONS = YES;
				CLANG_WARN_DIRECT_OBJC_ISA_USAGE = YES_ERROR;
				CLANG_WARN_DOCUMENTATION_COMMENTS = YES;
				CLANG_WARN_EMPTY_BODY = YES;
				CLANG_WARN_ENUM_CONVERSION = YES;
				CLANG_WARN_INFINITE_RECURSION = YES;
				CLANG_WARN_INT_CONVERSION = YES;
				CLANG_WARN_NON_LITERAL_NULL_CONVERSION = YES;
				CLANG_WARN_OBJC_IMPLICIT_RETAIN_SELF = YES;
				CLANG_WARN_OBJC_LITERAL_CONVERSION = YES;
				CLANG_WARN_OBJC_ROOT_CLASS = YES_ERROR;
				CLANG_WARN_RANGE_LOOP_ANALYSIS = YES;
				CLANG_WARN_STRICT_PROTOTYPES = YES;
				CLANG_WARN_SUSPICIOUS_MOVE = YES;
				CLANG_WARN_UNGUARDED_AVAILABILITY = YES_AGGRESSIVE;
				CLANG_WARN_UNREACHABLE_CODE = YES;
				CLANG_WARN__DUPLICATE_METHOD_MATCH = YES;
				CODE_SIGN_IDENTITY = "iPhone Developer";
				COPY_PHASE_STRIP = NO;
				DEBUG_INFORMATION_FORMAT = "dwarf-with-dsym";
				ENABLE_NS_ASSERTIONS = NO;
				ENABLE_STRICT_OBJC_MSGSEND = YES;
				GCC_C_LANGUAGE_STANDARD = gnu11;
				GCC_NO_COMMON_BLOCKS = YES;
				GCC_WARN_64_TO_32_BIT_CONVERSION = YES;
				GCC_WARN_ABOUT_RETURN_TYPE = YES_ERROR;
				GCC_WARN_UNDECLARED_SELECTOR = YES;
				GCC_WARN_UNINITIALIZED_AUTOS = YES_AGGRESSIVE;
				GCC_WARN_UNUSED_FUNCTION = YES;
				GCC_WARN_UNUSED_VARIABLE = YES;
				IPHONEOS_DEPLOYMENT_TARGET = 12.1;
				MTL_ENABLE_DEBUG_INFO = NO;
				MTL_FAST_MATH = YES;
				SDKROOT = iphoneos;
				SWIFT_COMPILATION_MODE = wholemodule;
				SWIFT_OPTIMIZATION_LEVEL = "-O";
				VALIDATE_PRODUCT = YES;
			};
			name = Release;
		};
		41B1F95021C6F164008ECEF1 /* Debug */ = {
			isa = XCBuildConfiguration;
			baseConfigurationReference = 9425003F31C9CDEC1641C3F7 /* Pods-FanduelFppg.debug.xcconfig */;
			buildSettings = {
				ASSETCATALOG_COMPILER_APPICON_NAME = AppIcon;
				CODE_SIGN_STYLE = Automatic;
				DEVELOPMENT_TEAM = 4XGHPNPX59;
				INFOPLIST_FILE = FanduelFppg/Info.plist;
				LD_RUNPATH_SEARCH_PATHS = (
					"$(inherited)",
					"@executable_path/Frameworks",
				);
				PRODUCT_BUNDLE_IDENTIFIER = com.alihassan.FanduelFppg;
				PRODUCT_NAME = "$(TARGET_NAME)";
				SWIFT_VERSION = 4.2;
				TARGETED_DEVICE_FAMILY = "1,2";
			};
			name = Debug;
		};
		41B1F95121C6F164008ECEF1 /* Release */ = {
			isa = XCBuildConfiguration;
			baseConfigurationReference = BBA0F514EE82615D21BFDC55 /* Pods-FanduelFppg.release.xcconfig */;
			buildSettings = {
				ASSETCATALOG_COMPILER_APPICON_NAME = AppIcon;
				CODE_SIGN_STYLE = Automatic;
				DEVELOPMENT_TEAM = 4XGHPNPX59;
				INFOPLIST_FILE = FanduelFppg/Info.plist;
				LD_RUNPATH_SEARCH_PATHS = (
					"$(inherited)",
					"@executable_path/Frameworks",
				);
				PRODUCT_BUNDLE_IDENTIFIER = com.alihassan.FanduelFppg;
				PRODUCT_NAME = "$(TARGET_NAME)";
				SWIFT_VERSION = 4.2;
				TARGETED_DEVICE_FAMILY = "1,2";
			};
			name = Release;
		};
		41B1F95321C6F164008ECEF1 /* Debug */ = {
			isa = XCBuildConfiguration;
			baseConfigurationReference = 9509E6E0864955FD2484B9B2 /* Pods-FanduelFppgTests.debug.xcconfig */;
			buildSettings = {
				ALWAYS_EMBED_SWIFT_STANDARD_LIBRARIES = YES;
				BUNDLE_LOADER = "$(TEST_HOST)";
				CODE_SIGN_STYLE = Automatic;
				DEVELOPMENT_TEAM = 4XGHPNPX59;
				INFOPLIST_FILE = FanduelFppgTests/Info.plist;
				LD_RUNPATH_SEARCH_PATHS = (
					"$(inherited)",
					"@executable_path/Frameworks",
					"@loader_path/Frameworks",
				);
				PRODUCT_BUNDLE_IDENTIFIER = com.alihassan.FanduelFppgTests;
				PRODUCT_NAME = "$(TARGET_NAME)";
				SWIFT_VERSION = 4.2;
				TARGETED_DEVICE_FAMILY = "1,2";
				TEST_HOST = "$(BUILT_PRODUCTS_DIR)/FanduelFppg.app/FanduelFppg";
			};
			name = Debug;
		};
		41B1F95421C6F164008ECEF1 /* Release */ = {
			isa = XCBuildConfiguration;
			baseConfigurationReference = 754B5DFC1689BADA91047CF5 /* Pods-FanduelFppgTests.release.xcconfig */;
			buildSettings = {
				ALWAYS_EMBED_SWIFT_STANDARD_LIBRARIES = YES;
				BUNDLE_LOADER = "$(TEST_HOST)";
				CODE_SIGN_STYLE = Automatic;
				DEVELOPMENT_TEAM = 4XGHPNPX59;
				INFOPLIST_FILE = FanduelFppgTests/Info.plist;
				LD_RUNPATH_SEARCH_PATHS = (
					"$(inherited)",
					"@executable_path/Frameworks",
					"@loader_path/Frameworks",
				);
				PRODUCT_BUNDLE_IDENTIFIER = com.alihassan.FanduelFppgTests;
				PRODUCT_NAME = "$(TARGET_NAME)";
				SWIFT_VERSION = 4.2;
				TARGETED_DEVICE_FAMILY = "1,2";
				TEST_HOST = "$(BUILT_PRODUCTS_DIR)/FanduelFppg.app/FanduelFppg";
			};
			name = Release;
		};
/* End XCBuildConfiguration section */

/* Begin XCConfigurationList section */
		41B1F92D21C6F163008ECEF1 /* Build configuration list for PBXProject "FanduelFppg" */ = {
			isa = XCConfigurationList;
			buildConfigurations = (
				41B1F94D21C6F164008ECEF1 /* Debug */,
				41B1F94E21C6F164008ECEF1 /* Release */,
			);
			defaultConfigurationIsVisible = 0;
			defaultConfigurationName = Release;
		};
		41B1F94F21C6F164008ECEF1 /* Build configuration list for PBXNativeTarget "FanduelFppg" */ = {
			isa = XCConfigurationList;
			buildConfigurations = (
				41B1F95021C6F164008ECEF1 /* Debug */,
				41B1F95121C6F164008ECEF1 /* Release */,
			);
			defaultConfigurationIsVisible = 0;
			defaultConfigurationName = Release;
		};
		41B1F95221C6F164008ECEF1 /* Build configuration list for PBXNativeTarget "FanduelFppgTests" */ = {
			isa = XCConfigurationList;
			buildConfigurations = (
				41B1F95321C6F164008ECEF1 /* Debug */,
				41B1F95421C6F164008ECEF1 /* Release */,
			);
			defaultConfigurationIsVisible = 0;
			defaultConfigurationName = Release;
		};
/* End XCConfigurationList section */
	};
	rootObject = 41B1F92A21C6F163008ECEF1 /* Project object */;
}
